
Microsoft Visual Studio Solution File, Format Version 12.00
# Visual Studio 15
VisualStudioVersion = 15.0.27004.2008
MinimumVisualStudioVersion = 10.0.40219.1
Project("{FAE04EC0-301F-11D3-BF4B-00C04F79EFBC}") = "Exercise5", "Exercise5\Exercise5.csproj", "{1ACEF72A-DFE4-47E4-8836-6C353130559E}"
EndProject
Project("{FAE04EC0-301F-11D3-BF4B-00C04F79EFBC}") = "Exercise3", "Exercise3\Exercise3.csproj", "{C5F511B2-A8FC-44D4-B2B7-6DD161C48887}"
EndProject
Project("{FAE04EC0-301F-11D3-BF4B-00C04F79EFBC}") = "Exercise4", "Exercise4\Exercise4.csproj", "{E61CE64C-A3FA-4628-B715-C706B30AA55A}"
EndProject
Project("{FAE04EC0-301F-11D3-BF4B-00C04F79EFBC}") = "Exercise2", "Exercise2\Exercise2.csproj", "{A8EEF6E2-05F8-4C25-82A7-2BCD0649AB59}"
EndProject
Project("{FAE04EC0-301F-11D3-BF4B-00C04F79EFBC}") = "Exercise1", "Exercise1\Exercise1.csproj", "{C1519827-13E6-4F33-9131-8ECE6FF72642}"
EndProject
Project("{FAE04EC0-301F-11D3-BF4B-00C04F79EFBC}") = "Exercise7", "Exercise7\Exercise7.csproj", "{5E278543-046E-47C8-84ED-3D1EC4EEE3DD}"
EndProject
Global
	GlobalSection(SolutionConfigurationPlatforms) = preSolution
		Debug|Any CPU = Debug|Any CPU
		Release|Any CPU = Release|Any CPU
	EndGlobalSection
	GlobalSection(ProjectConfigurationPlatforms) = postSolution
		{1ACEF72A-DFE4-47E4-8836-6C353130559E}.Debug|Any CPU.ActiveCfg = Debug|Any CPU
		{1ACEF72A-DFE4-47E4-8836-6C353130559E}.Debug|Any CPU.Build.0 = Debug|Any CPU
		{1ACEF72A-DFE4-47E4-8836-6C353130559E}.Debug|Any CPU.Deploy.0 = Debug|Any CPU
		{1ACEF72A-DFE4-47E4-8836-6C353130559E}.Release|Any CPU.ActiveCfg = Release|Any CPU
		{1ACEF72A-DFE4-47E4-8836-6C353130559E}.Release|Any CPU.Build.0 = Release|Any CPU
		{1ACEF72A-DFE4-47E4-8836-6C353130559E}.Release|Any CPU.Deploy.0 = Release|Any CPU
		{C5F511B2-A8FC-44D4-B2B7-6DD161C48887}.Debug|Any CPU.ActiveCfg = Debug|Any CPU
		{C5F511B2-A8FC-44D4-B2B7-6DD161C48887}.Debug|Any CPU.Build.0 = Debug|Any CPU
		{C5F511B2-A8FC-44D4-B2B7-6DD161C48887}.Debug|Any CPU.Deploy.0 = Debug|Any CPU
		{C5F511B2-A8FC-44D4-B2B7-6DD161C48887}.Release|Any CPU.ActiveCfg = Release|Any CPU
		{C5F511B2-A8FC-44D4-B2B7-6DD161C48887}.Release|Any CPU.Build.0 = Release|Any CPU
		{C5F511B2-A8FC-44D4-B2B7-6DD161C48887}.Release|Any CPU.Deploy.0 = Release|Any CPU
		{E61CE64C-A3FA-4628-B715-C706B30AA55A}.Debug|Any CPU.ActiveCfg = Debug|Any CPU
		{E61CE64C-A3FA-4628-B715-C706B30AA55A}.Debug|Any CPU.Build.0 = Debug|Any CPU
		{E61CE64C-A3FA-4628-B715-C706B30AA55A}.Debug|Any CPU.Deploy.0 = Debug|Any CPU
		{E61CE64C-A3FA-4628-B715-C706B30AA55A}.Release|Any CPU.ActiveCfg = Release|Any CPU
		{E61CE64C-A3FA-4628-B715-C706B30AA55A}.Release|Any CPU.Build.0 = Release|Any CPU
		{E61CE64C-A3FA-4628-B715-C706B30AA55A}.Release|Any CPU.Deploy.0 = Release|Any CPU
		{A8EEF6E2-05F8-4C25-82A7-2BCD0649AB59}.Debug|Any CPU.ActiveCfg = Debug|Any CPU
		{A8EEF6E2-05F8-4C25-82A7-2BCD0649AB59}.Debug|Any CPU.Build.0 = Debug|Any CPU
		{A8EEF6E2-05F8-4C25-82A7-2BCD0649AB59}.Debug|Any CPU.Deploy.0 = Debug|Any CPU
		{A8EEF6E2-05F8-4C25-82A7-2BCD0649AB59}.Release|Any CPU.ActiveCfg = Release|Any CPU
		{A8EEF6E2-05F8-4C25-82A7-2BCD0649AB59}.Release|Any CPU.Build.0 = Release|Any CPU
		{A8EEF6E2-05F8-4C25-82A7-2BCD0649AB59}.Release|Any CPU.Deploy.0 = Release|Any CPU
		{C1519827-13E6-4F33-9131-8ECE6FF72642}.Debug|Any CPU.ActiveCfg = Debug|Any CPU
		{C1519827-13E6-4F33-9131-8ECE6FF72642}.Debug|Any CPU.Build.0 = Debug|Any CPU
		{C1519827-13E6-4F33-9131-8ECE6FF72642}.Debug|Any CPU.Deploy.0 = Debug|Any CPU
		{C1519827-13E6-4F33-9131-8ECE6FF72642}.Release|Any CPU.ActiveCfg = Release|Any CPU
		{C1519827-13E6-4F33-9131-8ECE6FF72642}.Release|Any CPU.Build.0 = Release|Any CPU
		{C1519827-13E6-4F33-9131-8ECE6FF72642}.Release|Any CPU.Deploy.0 = Release|Any CPU
		{5E278543-046E-47C8-84ED-3D1EC4EEE3DD}.Debug|Any CPU.ActiveCfg = Debug|Any CPU
		{5E278543-046E-47C8-84ED-3D1EC4EEE3DD}.Debug|Any CPU.Build.0 = Debug|Any CPU
		{5E278543-046E-47C8-84ED-3D1EC4EEE3DD}.Debug|Any CPU.Deploy.0 = Debug|Any CPU
		{5E278543-046E-47C8-84ED-3D1EC4EEE3DD}.Release|Any CPU.ActiveCfg = Release|Any CPU
		{5E278543-046E-47C8-84ED-3D1EC4EEE3DD}.Release|Any CPU.Build.0 = Release|Any CPU
		{5E278543-046E-47C8-84ED-3D1EC4EEE3DD}.Release|Any CPU.Deploy.0 = Release|Any CPU
	EndGlobalSection
	GlobalSection(SolutionProperties) = preSolution
		HideSolutionNode = FALSE
	EndGlobalSection
	GlobalSection(ExtensibilityGlobals) = postSolution
		SolutionGuid = {E6CF8204-EBF4-4374-B98A-F3BFD0755EB5}
	EndGlobalSection
EndGlobal
